// !$*UTF8*$!
{
	archiveVersion = 1;
	classes = {
	};
	objectVersion = 48;
	objects = {

/* Begin PBXBuildFile section */
		584D3B0B22CC8C1B00F2B0D3 /* BezelWindow.swift in Sources */ = {isa = PBXBuildFile; fileRef = 584D3B0A22CC8C1B00F2B0D3 /* BezelWindow.swift */; };
		58870FEC22CDAA9100496E44 /* HotKeyCenter.swift in Sources */ = {isa = PBXBuildFile; fileRef = 58870FEB22CDAA9100496E44 /* HotKeyCenter.swift */; };
		58870FEE22CDCF4400496E44 /* ClipData.swift in Sources */ = {isa = PBXBuildFile; fileRef = 58870FED22CDCF4400496E44 /* ClipData.swift */; };
		58B1AF0822CB332F00C89530 /* Assets.xcassets in Resources */ = {isa = PBXBuildFile; fileRef = 58B1AF0722CB332F00C89530 /* Assets.xcassets */; };
		58B1AF0B22CB332F00C89530 /* Main.storyboard in Resources */ = {isa = PBXBuildFile; fileRef = 58B1AF0922CB332F00C89530 /* Main.storyboard */; };
		58B1AF1622CB3C1000C89530 /* APPController.swift in Sources */ = {isa = PBXBuildFile; fileRef = 58B1AF1522CB3C1000C89530 /* APPController.swift */; };
		58EB30D222D2DC630056DBB2 /* RoundRexTextfield.swift in Sources */ = {isa = PBXBuildFile; fileRef = 58EB30D122D2DC630056DBB2 /* RoundRexTextfield.swift */; };
/* End PBXBuildFile section */

/* Begin PBXFileReference section */
		584D3B0A22CC8C1B00F2B0D3 /* BezelWindow.swift */ = {isa = PBXFileReference; lastKnownFileType = sourcecode.swift; path = BezelWindow.swift; sourceTree = "<group>"; };
		58870FEB22CDAA9100496E44 /* HotKeyCenter.swift */ = {isa = PBXFileReference; lastKnownFileType = sourcecode.swift; path = HotKeyCenter.swift; sourceTree = "<group>"; };
		58870FED22CDCF4400496E44 /* ClipData.swift */ = {isa = PBXFileReference; lastKnownFileType = sourcecode.swift; path = ClipData.swift; sourceTree = "<group>"; };
		58B1AF0222CB332E00C89530 /* JBCut.app */ = {isa = PBXFileReference; explicitFileType = wrapper.application; includeInIndex = 0; path = JBCut.app; sourceTree = BUILT_PRODUCTS_DIR; };
		58B1AF0722CB332F00C89530 /* Assets.xcassets */ = {isa = PBXFileReference; lastKnownFileType = folder.assetcatalog; path = Assets.xcassets; sourceTree = "<group>"; };
		58B1AF0A22CB332F00C89530 /* Base */ = {isa = PBXFileReference; lastKnownFileType = file.storyboard; name = Base; path = Base.lproj/Main.storyboard; sourceTree = "<group>"; };
		58B1AF0C22CB332F00C89530 /* Info.plist */ = {isa = PBXFileReference; lastKnownFileType = text.plist.xml; path = Info.plist; sourceTree = "<group>"; };
		58B1AF0D22CB332F00C89530 /* JBCut.entitlements */ = {isa = PBXFileReference; lastKnownFileType = text.plist.entitlements; path = JBCut.entitlements; sourceTree = "<group>"; };
		58B1AF1522CB3C1000C89530 /* APPController.swift */ = {isa = PBXFileReference; lastKnownFileType = sourcecode.swift; path = APPController.swift; sourceTree = "<group>"; };
		58EB30D122D2DC630056DBB2 /* RoundRexTextfield.swift */ = {isa = PBXFileReference; lastKnownFileType = sourcecode.swift; path = RoundRexTextfield.swift; sourceTree = "<group>"; };
/* End PBXFileReference section */

/* Begin PBXFrameworksBuildPhase section */
		58B1AEFF22CB332E00C89530 /* Frameworks */ = {
			isa = PBXFrameworksBuildPhase;
			buildActionMask = 2147483647;
			files = (
			);
			runOnlyForDeploymentPostprocessing = 0;
		};
/* End PBXFrameworksBuildPhase section */

/* Begin PBXGroup section */
		58B1AEF922CB332E00C89530 = {
			isa = PBXGroup;
			children = (
				58B1AF0422CB332E00C89530 /* JBCut */,
				58B1AF0322CB332E00C89530 /* Products */,
			);
			sourceTree = "<group>";
		};
		58B1AF0322CB332E00C89530 /* Products */ = {
			isa = PBXGroup;
			children = (
				58B1AF0222CB332E00C89530 /* JBCut.app */,
			);
			name = Products;
			sourceTree = "<group>";
		};
		58B1AF0422CB332E00C89530 /* JBCut */ = {
			isa = PBXGroup;
			children = (
				58B1AF1522CB3C1000C89530 /* APPController.swift */,
				584D3B0A22CC8C1B00F2B0D3 /* BezelWindow.swift */,
				58EB30D122D2DC630056DBB2 /* RoundRexTextfield.swift */,
				58870FEB22CDAA9100496E44 /* HotKeyCenter.swift */,
				58870FED22CDCF4400496E44 /* ClipData.swift */,
				58B1AF0722CB332F00C89530 /* Assets.xcassets */,
				58B1AF0922CB332F00C89530 /* Main.storyboard */,
				58B1AF0C22CB332F00C89530 /* Info.plist */,
				58B1AF0D22CB332F00C89530 /* JBCut.entitlements */,
			);
			path = JBCut;
			sourceTree = "<group>";
		};
/* End PBXGroup section */

/* Begin PBXNativeTarget section */
		58B1AF0122CB332E00C89530 /* JBCut */ = {
			isa = PBXNativeTarget;
			buildConfigurationList = 58B1AF1022CB332F00C89530 /* Build configuration list for PBXNativeTarget "JBCut" */;
			buildPhases = (
				58B1AEFE22CB332E00C89530 /* Sources */,
				58B1AEFF22CB332E00C89530 /* Frameworks */,
				58B1AF0022CB332E00C89530 /* Resources */,
			);
			buildRules = (
			);
			dependencies = (
			);
			name = JBCut;
			productName = JBCut;
			productReference = 58B1AF0222CB332E00C89530 /* JBCut.app */;
			productType = "com.apple.product-type.application";
		};
/* End PBXNativeTarget section */

/* Begin PBXProject section */
		58B1AEFA22CB332E00C89530 /* Project object */ = {
			isa = PBXProject;
			attributes = {
				LastSwiftUpdateCheck = 1100;
				LastUpgradeCheck = 1100;
				ORGANIZATIONNAME = "任金波";
				TargetAttributes = {
					58B1AF0122CB332E00C89530 = {
						CreatedOnToolsVersion = 11.0;
						ProvisioningStyle = Automatic;
					};
				};
			};
			buildConfigurationList = 58B1AEFD22CB332E00C89530 /* Build configuration list for PBXProject "JBCut" */;
			compatibilityVersion = "Xcode 8.0";
			developmentRegion = en;
			hasScannedForEncodings = 0;
			knownRegions = (
				en,
				Base,
			);
			mainGroup = 58B1AEF922CB332E00C89530;
			productRefGroup = 58B1AF0322CB332E00C89530 /* Products */;
			projectDirPath = "";
			projectRoot = "";
			targets = (
				58B1AF0122CB332E00C89530 /* JBCut */,
			);
		};
/* End PBXProject section */

/* Begin PBXResourcesBuildPhase section */
		58B1AF0022CB332E00C89530 /* Resources */ = {
			isa = PBXResourcesBuildPhase;
			buildActionMask = 2147483647;
			files = (
				58B1AF0822CB332F00C89530 /* Assets.xcassets in Resources */,
				58B1AF0B22CB332F00C89530 /* Main.storyboard in Resources */,
			);
			runOnlyForDeploymentPostprocessing = 0;
		};
/* End PBXResourcesBuildPhase section */

/* Begin PBXSourcesBuildPhase section */
		58B1AEFE22CB332E00C89530 /* Sources */ = {
			isa = PBXSourcesBuildPhase;
			buildActionMask = 2147483647;
			files = (
				58870FEE22CDCF4400496E44 /* ClipData.swift in Sources */,
				584D3B0B22CC8C1B00F2B0D3 /* BezelWindow.swift in Sources */,
				58EB30D222D2DC630056DBB2 /* RoundRexTextfield.swift in Sources */,
				58870FEC22CDAA9100496E44 /* HotKeyCenter.swift in Sources */,
				58B1AF1622CB3C1000C89530 /* APPController.swift in Sources */,
			);
			runOnlyForDeploymentPostprocessing = 0;
		};
/* End PBXSourcesBuildPhase section */

/* Begin PBXVariantGroup section */
		58B1AF0922CB332F00C89530 /* Main.storyboard */ = {
			isa = PBXVariantGroup;
			children = (
				58B1AF0A22CB332F00C89530 /* Base */,
			);
			name = Main.storyboard;
			sourceTree = "<group>";
		};
/* End PBXVariantGroup section */

/* Begin XCBuildConfiguration section */
		58B1AF0E22CB332F00C89530 /* Debug */ = {
			isa = XCBuildConfiguration;
			buildSettings = {
				ALWAYS_SEARCH_USER_PATHS = NO;
				CLANG_ANALYZER_NONNULL = YES;
				CLANG_ANALYZER_NUMBER_OBJECT_CONVERSION = YES_AGGRESSIVE;
				CLANG_CXX_LANGUAGE_STANDARD = "gnu++14";
				CLANG_CXX_LIBRARY = "libc++";
				CLANG_ENABLE_MODULES = YES;
				CLANG_ENABLE_OBJC_ARC = YES;
				CLANG_ENABLE_OBJC_WEAK = YES;
				CLANG_WARN_BLOCK_CAPTURE_AUTORELEASING = YES;
				CLANG_WARN_BOOL_CONVERSION = YES;
				CLANG_WARN_COMMA = YES;
				CLANG_WARN_CONSTANT_CONVERSION = YES;
				CLANG_WARN_DEPRECATED_OBJC_IMPLEMENTATIONS = YES;
				CLANG_WARN_DIRECT_OBJC_ISA_USAGE = YES_ERROR;
				CLANG_WARN_DOCUMENTATION_COMMENTS = YES;
				CLANG_WARN_EMPTY_BODY = YES;
				CLANG_WARN_ENUM_CONVERSION = YES;
				CLANG_WARN_INFINITE_RECURSION = YES;
				CLANG_WARN_INT_CONVERSION = YES;
				CLANG_WARN_NON_LITERAL_NULL_CONVERSION = YES;
				CLANG_WARN_OBJC_IMPLICIT_RETAIN_SELF = YES;
				CLANG_WARN_OBJC_LITERAL_CONVERSION = YES;
				CLANG_WARN_OBJC_ROOT_CLASS = YES_ERROR;
				CLANG_WARN_RANGE_LOOP_ANALYSIS = YES;
				CLANG_WARN_STRICT_PROTOTYPES = YES;
				CLANG_WARN_SUSPICIOUS_MOVE = YES;
				CLANG_WARN_UNGUARDED_AVAILABILITY = YES_AGGRESSIVE;
				CLANG_WARN_UNREACHABLE_CODE = YES;
				CLANG_WARN__DUPLICATE_METHOD_MATCH = YES;
				COPY_PHASE_STRIP = NO;
				DEBUG_INFORMATION_FORMAT = dwarf;
				ENABLE_STRICT_OBJC_MSGSEND = YES;
				ENABLE_TESTABILITY = YES;
				GCC_C_LANGUAGE_STANDARD = gnu11;
				GCC_DYNAMIC_NO_PIC = NO;
				GCC_NO_COMMON_BLOCKS = YES;
				GCC_OPTIMIZATION_LEVEL = 0;
				GCC_PREPROCESSOR_DEFINITIONS = (
					"DEBUG=1",
					"$(inherited)",
				);
				GCC_WARN_64_TO_32_BIT_CONVERSION = YES;
				GCC_WARN_ABOUT_RETURN_TYPE = YES_ERROR;
				GCC_WARN_UNDECLARED_SELECTOR = YES;
				GCC_WARN_UNINITIALIZED_AUTOS = YES_AGGRESSIVE;
				GCC_WARN_UNUSED_FUNCTION = YES;
				GCC_WARN_UNUSED_VARIABLE = YES;
				MACOSX_DEPLOYMENT_TARGET = 10.15;
				MTL_ENABLE_DEBUG_INFO = INCLUDE_SOURCE;
				MTL_FAST_MATH = YES;
				ONLY_ACTIVE_ARCH = YES;
				SDKROOT = macosx;
				SWIFT_ACTIVE_COMPILATION_CONDITIONS = DEBUG;
				SWIFT_OPTIMIZATION_LEVEL = "-Onone";
			};
			name = Debug;
		};
		58B1AF0F22CB332F00C89530 /* Release */ = {
			isa = XCBuildConfiguration;
			buildSettings = {
				ALWAYS_SEARCH_USER_PATHS = NO;
				CLANG_ANALYZER_NONNULL = YES;
				CLANG_ANALYZER_NUMBER_OBJECT_CONVERSION = YES_AGGRESSIVE;
				CLANG_CXX_LANGUAGE_STANDARD = "gnu++14";
				CLANG_CXX_LIBRARY = "libc++";
				CLANG_ENABLE_MODULES = YES;
				CLANG_ENABLE_OBJC_ARC = YES;
				CLANG_ENABLE_OBJC_WEAK = YES;
				CLANG_WARN_BLOCK_CAPTURE_AUTORELEASING = YES;
				CLANG_WARN_BOOL_CONVERSION = YES;
				CLANG_WARN_COMMA = YES;
				CLANG_WARN_CONSTANT_CONVERSION = YES;
				CLANG_WARN_DEPRECATED_OBJC_IMPLEMENTATIONS = YES;
				CLANG_WARN_DIRECT_OBJC_ISA_USAGE = YES_ERROR;
				CLANG_WARN_DOCUMENTATION_COMMENTS = YES;
				CLANG_WARN_EMPTY_BODY = YES;
				CLANG_WARN_ENUM_CONVERSION = YES;
				CLANG_WARN_INFINITE_RECURSION = YES;
				CLANG_WARN_INT_CONVERSION = YES;
				CLANG_WARN_NON_LITERAL_NULL_CONVERSION = YES;
				CLANG_WARN_OBJC_IMPLICIT_RETAIN_SELF = YES;
				CLANG_WARN_OBJC_LITERAL_CONVERSION = YES;
				CLANG_WARN_OBJC_ROOT_CLASS = YES_ERROR;
				CLANG_WARN_RANGE_LOOP_ANALYSIS = YES;
				CLANG_WARN_STRICT_PROTOTYPES = YES;
				CLANG_WARN_SUSPICIOUS_MOVE = YES;
				CLANG_WARN_UNGUARDED_AVAILABILITY = YES_AGGRESSIVE;
				CLANG_WARN_UNREACHABLE_CODE = YES;
				CLANG_WARN__DUPLICATE_METHOD_MATCH = YES;
				COPY_PHASE_STRIP = NO;
				DEBUG_INFORMATION_FORMAT = "dwarf-with-dsym";
				ENABLE_NS_ASSERTIONS = NO;
				ENABLE_STRICT_OBJC_MSGSEND = YES;
				GCC_C_LANGUAGE_STANDARD = gnu11;
				GCC_NO_COMMON_BLOCKS = YES;
				GCC_WARN_64_TO_32_BIT_CONVERSION = YES;
				GCC_WARN_ABOUT_RETURN_TYPE = YES_ERROR;
				GCC_WARN_UNDECLARED_SELECTOR = YES;
				GCC_WARN_UNINITIALIZED_AUTOS = YES_AGGRESSIVE;
				GCC_WARN_UNUSED_FUNCTION = YES;
				GCC_WARN_UNUSED_VARIABLE = YES;
				MACOSX_DEPLOYMENT_TARGET = 10.15;
				MTL_ENABLE_DEBUG_INFO = NO;
				MTL_FAST_MATH = YES;
				SDKROOT = macosx;
				SWIFT_OPTIMIZATION_LEVEL = "-Owholemodule";
			};
			name = Release;
		};
		58B1AF1122CB332F00C89530 /* Debug */ = {
			isa = XCBuildConfiguration;
			buildSettings = {
				ASSETCATALOG_COMPILER_APPICON_NAME = AppIcon;
				CODE_SIGN_ENTITLEMENTS = JBCut/JBCut.entitlements;
				CODE_SIGN_STYLE = Automatic;
				COMBINE_HIDPI_IMAGES = YES;
				DEVELOPMENT_TEAM = K9UP278937;
				ENABLE_HARDENED_RUNTIME = YES;
				INFOPLIST_FILE = JBCut/Info.plist;
				LD_RUNPATH_SEARCH_PATHS = "$(inherited) @executable_path/../Frameworks";
				MACOSX_DEPLOYMENT_TARGET = 10.12;
				PRODUCT_BUNDLE_IDENTIFIER = com.navercorp.livecaster.JBCut;
				PRODUCT_NAME = "$(TARGET_NAME)";
				SWIFT_VERSION = 5.0;
			};
			name = Debug;
		};
		58B1AF1222CB332F00C89530 /* Release */ = {
			isa = XCBuildConfiguration;
			buildSettings = {
				ASSETCATALOG_COMPILER_APPICON_NAME = AppIcon;
				CODE_SIGN_ENTITLEMENTS = JBCut/JBCut.entitlements;
				CODE_SIGN_STYLE = Automatic;
				COMBINE_HIDPI_IMAGES = YES;
				DEVELOPMENT_TEAM = K9UP278937;
				ENABLE_HARDENED_RUNTIME = YES;
				INFOPLIST_FILE = JBCut/Info.plist;
				LD_RUNPATH_SEARCH_PATHS = "$(inherited) @executable_path/../Frameworks";
				MACOSX_DEPLOYMENT_TARGET = 10.12;
				PRODUCT_BUNDLE_IDENTIFIER = com.navercorp.livecaster.JBCut;
				PRODUCT_NAME = "$(TARGET_NAME)";
				SWIFT_VERSION = 5.0;
			};
			name = Release;
		};
/* End XCBuildConfiguration section */

/* Begin XCConfigurationList section */
		58B1AEFD22CB332E00C89530 /* Build configuration list for PBXProject "JBCut" */ = {
			isa = XCConfigurationList;
			buildConfigurations = (
				58B1AF0E22CB332F00C89530 /* Debug */,
				58B1AF0F22CB332F00C89530 /* Release */,
			);
			defaultConfigurationIsVisible = 0;
			defaultConfigurationName = Release;
		};
		58B1AF1022CB332F00C89530 /* Build configuration list for PBXNativeTarget "JBCut" */ = {
			isa = XCConfigurationList;
			buildConfigurations = (
				58B1AF1122CB332F00C89530 /* Debug */,
				58B1AF1222CB332F00C89530 /* Release */,
			);
			defaultConfigurationIsVisible = 0;
			defaultConfigurationName = Release;
		};
/* End XCConfigurationList section */
	};
	rootObject = 58B1AEFA22CB332E00C89530 /* Project object */;
}
